
Microsoft Visual Studio Solution File, Format Version 12.00
# Visual Studio Version 17
VisualStudioVersion = 17.0.32014.148
MinimumVisualStudioVersion = 10.0.40219.1
Project("{8BC9CEB8-8B4A-11D0-8D11-00A0C91BC942}") = "ChatAppServer", "ChatAppServer\ChatAppServer.vcxproj", "{908F7BBC-CDC8-421D-BB07-388EBE3578CC}"
EndProject
Global
	GlobalSection(SolutionConfigurationPlatforms) = preSolution
		Debug|x64 = Debug|x64
		Debug|x86 = Debug|x86
		Release|x64 = Release|x64
		Release|x86 = Release|x86
	EndGlobalSection
	GlobalSection(ProjectConfigurationPlatforms) = postSolution
		{908F7BBC-CDC8-421D-BB07-388EBE3578CC}.Debug|x64.ActiveCfg = Debug|x64
		{908F7BBC-CDC8-421D-BB07-388EBE3578CC}.Debug|x64.Build.0 = Debug|x64
		{908F7BBC-CDC8-421D-BB07-388EBE3578CC}.Debug|x86.ActiveCfg = Debug|Win32
		{908F7BBC-CDC8-421D-BB07-388EBE3578CC}.Debug|x86.Build.0 = Debug|Win32
		{908F7BBC-CDC8-421D-BB07-388EBE3578CC}.Release|x64.ActiveCfg = Release|x64
		{908F7BBC-CDC8-421D-BB07-388EBE3578CC}.Release|x64.Build.0 = Release|x64
		{908F7BBC-CDC8-421D-BB07-388EBE3578CC}.Release|x86.ActiveCfg = Release|Win32
		{908F7BBC-CDC8-421D-BB07-388EBE3578CC}.Release|x86.Build.0 = Release|Win32
	EndGlobalSection
	GlobalSection(SolutionProperties) = preSolution
		HideSolutionNode = FALSE
	EndGlobalSection
	GlobalSection(ExtensibilityGlobals) = postSolution
		SolutionGuid = {7B50D010-0FC0-4F1D-842C-912B5A4AC695}
	EndGlobalSection
EndGlobal
